Microsoft Visual Studio Solution File, Format Version 9.00
# Visual Studio 2005
Project("{F184B08F-C81C-45F6-A57F-5ABD9991F28F}") = "HowToExdendApplicationModelAndSchema.Module", "HowToExdendApplicationModelAndSchema.Module\HowToExdendApplicationModelAndSchema.Module.vbproj", "{E75AD568-3C9F-48CC-9F54-BAE0AF5CD61D}"
	ProjectSection(WebsiteProperties) = preProject
		Debug.AspNetCompiler.Debug = "True"
		Release.AspNetCompiler.Debug = "False"
	EndProjectSection
EndProject
Project("{F184B08F-C81C-45F6-A57F-5ABD9991F28F}") = "HowToExdendApplicationModelAndSchema.Module.Win", "HowToExdendApplicationModelAndSchema.Module.Win\HowToExdendApplicationModelAndSchema.Module.Win.vbproj", "{5CCA1A88-E00F-4615-8438-626AFDFF31B4}"
	ProjectSection(WebsiteProperties) = preProject
		Debug.AspNetCompiler.Debug = "True"
		Release.AspNetCompiler.Debug = "False"
	EndProjectSection
EndProject
Project("{F184B08F-C81C-45F6-A57F-5ABD9991F28F}") = "HowToExdendApplicationModelAndSchema.Win", "HowToExdendApplicationModelAndSchema.Win\HowToExdendApplicationModelAndSchema.Win.vbproj", "{EA14D596-74ED-4D64-9B15-E52A60C30DA1}"
	ProjectSection(WebsiteProperties) = preProject
		Debug.AspNetCompiler.Debug = "True"
		Release.AspNetCompiler.Debug = "False"
	EndProjectSection
EndProject
Global
	GlobalSection(SolutionConfigurationPlatforms) = preSolution
		Debug|Any CPU = Debug|Any CPU
		Release|Any CPU = Release|Any CPU
	EndGlobalSection
	GlobalSection(ProjectConfigurationPlatforms) = postSolution
		{E75AD568-3C9F-48CC-9F54-BAE0AF5CD61D}.Debug|Any CPU.ActiveCfg = Debug|Any CPU
		{E75AD568-3C9F-48CC-9F54-BAE0AF5CD61D}.Debug|Any CPU.Build.0 = Debug|Any CPU
		{E75AD568-3C9F-48CC-9F54-BAE0AF5CD61D}.Release|Any CPU.ActiveCfg = Release|Any CPU
		{E75AD568-3C9F-48CC-9F54-BAE0AF5CD61D}.Release|Any CPU.Build.0 = Release|Any CPU
		{5CCA1A88-E00F-4615-8438-626AFDFF31B4}.Debug|Any CPU.ActiveCfg = Debug|Any CPU
		{5CCA1A88-E00F-4615-8438-626AFDFF31B4}.Debug|Any CPU.Build.0 = Debug|Any CPU
		{5CCA1A88-E00F-4615-8438-626AFDFF31B4}.Release|Any CPU.ActiveCfg = Release|Any CPU
		{5CCA1A88-E00F-4615-8438-626AFDFF31B4}.Release|Any CPU.Build.0 = Release|Any CPU
		{EA14D596-74ED-4D64-9B15-E52A60C30DA1}.Debug|Any CPU.ActiveCfg = Debug|Any CPU
		{EA14D596-74ED-4D64-9B15-E52A60C30DA1}.Debug|Any CPU.Build.0 = Debug|Any CPU
		{EA14D596-74ED-4D64-9B15-E52A60C30DA1}.Release|Any CPU.ActiveCfg = Release|Any CPU
		{EA14D596-74ED-4D64-9B15-E52A60C30DA1}.Release|Any CPU.Build.0 = Release|Any CPU
	EndGlobalSection
	GlobalSection(SolutionProperties) = preSolution
		HideSolutionNode = FALSE
	EndGlobalSection
EndGlobal
